
Microsoft Visual Studio Solution File, Format Version 12.00
# Visual Studio Version 16
VisualStudioVersion = 16.0.30011.22
MinimumVisualStudioVersion = 10.0.40219.1
Project("{FAE04EC0-301F-11D3-BF4B-00C04F79EFBC}") = "HTTPImplant", "GruntStager\HTTPImplant.csproj", "{0CAFAE10-E2EE-4A42-8239-2EDCE878BA73}"
EndProject
Global
	GlobalSection(SolutionConfigurationPlatforms) = preSolution
		Debug|Any CPU = Debug|Any CPU
		Release|Any CPU = Release|Any CPU
	EndGlobalSection
	GlobalSection(ProjectConfigurationPlatforms) = postSolution
		{0CAFAE10-E2EE-4A42-8239-2EDCE878BA73}.Debug|Any CPU.ActiveCfg = Debug|Any CPU
		{0CAFAE10-E2EE-4A42-8239-2EDCE878BA73}.Debug|Any CPU.Build.0 = Debug|Any CPU
		{0CAFAE10-E2EE-4A42-8239-2EDCE878BA73}.Release|Any CPU.ActiveCfg = Release|Any CPU
		{0CAFAE10-E2EE-4A42-8239-2EDCE878BA73}.Release|Any CPU.Build.0 = Release|Any CPU
	EndGlobalSection
	GlobalSection(SolutionProperties) = preSolution
		HideSolutionNode = FALSE
	EndGlobalSection
	GlobalSection(ExtensibilityGlobals) = postSolution
		SolutionGuid = {FBA067B4-D441-4BE7-B5E7-6DDFF3FAB8A3}
	EndGlobalSection
EndGlobal
